// !$*UTF8*$!
{
	archiveVersion = 1;
	classes = {
	};
	objectVersion = 51;
	objects = {

/* Begin PBXBuildFile section */
		6726C7C4687FEAE3F122D9C0 /* Pods_Loodos.framework in Frameworks */ = {isa = PBXBuildFile; fileRef = 0B561CF6C93DBAB27B44DB7C /* Pods_Loodos.framework */; };
		8F2116B72618891500442B25 /* AppDelegate.swift in Sources */ = {isa = PBXBuildFile; fileRef = 8F2116B62618891500442B25 /* AppDelegate.swift */; };
		8F2116B92618891500442B25 /* SceneDelegate.swift in Sources */ = {isa = PBXBuildFile; fileRef = 8F2116B82618891500442B25 /* SceneDelegate.swift */; };
		8F2116BE2618891500442B25 /* Main.storyboard in Resources */ = {isa = PBXBuildFile; fileRef = 8F2116BC2618891500442B25 /* Main.storyboard */; };
		8F2116C02618891700442B25 /* Assets.xcassets in Resources */ = {isa = PBXBuildFile; fileRef = 8F2116BF2618891700442B25 /* Assets.xcassets */; };
		8F2116C32618891700442B25 /* LaunchScreen.storyboard in Resources */ = {isa = PBXBuildFile; fileRef = 8F2116C12618891700442B25 /* LaunchScreen.storyboard */; };
		8F70E36026188FFC00958C77 /* GoogleService-Info.plist in Resources */ = {isa = PBXBuildFile; fileRef = 8F70E35F26188FFC00958C77 /* GoogleService-Info.plist */; };
		8F70E365261895AB00958C77 /* SplashScreenViewController.swift in Sources */ = {isa = PBXBuildFile; fileRef = 8F70E364261895AB00958C77 /* SplashScreenViewController.swift */; };
		8F70E369261896C900958C77 /* Reachability.swift in Sources */ = {isa = PBXBuildFile; fileRef = 8F70E368261896C900958C77 /* Reachability.swift */; };
		8F70E3702618979100958C77 /* Localizable.strings in Resources */ = {isa = PBXBuildFile; fileRef = 8F70E3722618979100958C77 /* Localizable.strings */; };
		8F70E376261897E000958C77 /* UIViewControllerExtensions.swift in Sources */ = {isa = PBXBuildFile; fileRef = 8F70E375261897E000958C77 /* UIViewControllerExtensions.swift */; };
		8F70E37B26189CDB00958C77 /* SplashScreenViewModelDelegate.swift in Sources */ = {isa = PBXBuildFile; fileRef = 8F70E37A26189CDB00958C77 /* SplashScreenViewModelDelegate.swift */; };
		8F70E37F26189CF700958C77 /* SplashScreenViewModel.swift in Sources */ = {isa = PBXBuildFile; fileRef = 8F70E37E26189CF700958C77 /* SplashScreenViewModel.swift */; };
		8F70E3852618A2A800958C77 /* HomePageScreenViewController.swift in Sources */ = {isa = PBXBuildFile; fileRef = 8F70E3832618A2A800958C77 /* HomePageScreenViewController.swift */; };
		8F70E3862618A2A800958C77 /* HomePageScreenViewController.xib in Resources */ = {isa = PBXBuildFile; fileRef = 8F70E3842618A2A800958C77 /* HomePageScreenViewController.xib */; };
		8F70E38E2618A5F800958C77 /* LoadingView.swift in Sources */ = {isa = PBXBuildFile; fileRef = 8F70E38D2618A5F800958C77 /* LoadingView.swift */; };
/* End PBXBuildFile section */

/* Begin PBXFileReference section */
		0B561CF6C93DBAB27B44DB7C /* Pods_Loodos.framework */ = {isa = PBXFileReference; explicitFileType = wrapper.framework; includeInIndex = 0; path = Pods_Loodos.framework; sourceTree = BUILT_PRODUCTS_DIR; };
		2131522869799338ECC7FB18 /* Pods-Loodos.debug.xcconfig */ = {isa = PBXFileReference; includeInIndex = 1; lastKnownFileType = text.xcconfig; name = "Pods-Loodos.debug.xcconfig"; path = "Target Support Files/Pods-Loodos/Pods-Loodos.debug.xcconfig"; sourceTree = "<group>"; };
		8F2116B32618891500442B25 /* Loodos.app */ = {isa = PBXFileReference; explicitFileType = wrapper.application; includeInIndex = 0; path = Loodos.app; sourceTree = BUILT_PRODUCTS_DIR; };
		8F2116B62618891500442B25 /* AppDelegate.swift */ = {isa = PBXFileReference; lastKnownFileType = sourcecode.swift; path = AppDelegate.swift; sourceTree = "<group>"; };
		8F2116B82618891500442B25 /* SceneDelegate.swift */ = {isa = PBXFileReference; lastKnownFileType = sourcecode.swift; path = SceneDelegate.swift; sourceTree = "<group>"; };
		8F2116BD2618891500442B25 /* Base */ = {isa = PBXFileReference; lastKnownFileType = file.storyboard; name = Base; path = Base.lproj/Main.storyboard; sourceTree = "<group>"; };
		8F2116BF2618891700442B25 /* Assets.xcassets */ = {isa = PBXFileReference; lastKnownFileType = folder.assetcatalog; path = Assets.xcassets; sourceTree = "<group>"; };
		8F2116C22618891700442B25 /* Base */ = {isa = PBXFileReference; lastKnownFileType = file.storyboard; name = Base; path = Base.lproj/LaunchScreen.storyboard; sourceTree = "<group>"; };
		8F2116C42618891700442B25 /* Info.plist */ = {isa = PBXFileReference; lastKnownFileType = text.plist.xml; path = Info.plist; sourceTree = "<group>"; };
		8F70E35F26188FFC00958C77 /* GoogleService-Info.plist */ = {isa = PBXFileReference; fileEncoding = 4; lastKnownFileType = text.plist.xml; path = "GoogleService-Info.plist"; sourceTree = "<group>"; };
		8F70E364261895AB00958C77 /* SplashScreenViewController.swift */ = {isa = PBXFileReference; lastKnownFileType = sourcecode.swift; path = SplashScreenViewController.swift; sourceTree = "<group>"; };
		8F70E368261896C900958C77 /* Reachability.swift */ = {isa = PBXFileReference; lastKnownFileType = sourcecode.swift; path = Reachability.swift; sourceTree = "<group>"; };
		8F70E3712618979100958C77 /* en */ = {isa = PBXFileReference; lastKnownFileType = text.plist.strings; name = en; path = en.lproj/Localizable.strings; sourceTree = "<group>"; };
		8F70E375261897E000958C77 /* UIViewControllerExtensions.swift */ = {isa = PBXFileReference; lastKnownFileType = sourcecode.swift; path = UIViewControllerExtensions.swift; sourceTree = "<group>"; };
		8F70E37A26189CDB00958C77 /* SplashScreenViewModelDelegate.swift */ = {isa = PBXFileReference; lastKnownFileType = sourcecode.swift; path = SplashScreenViewModelDelegate.swift; sourceTree = "<group>"; };
		8F70E37E26189CF700958C77 /* SplashScreenViewModel.swift */ = {isa = PBXFileReference; lastKnownFileType = sourcecode.swift; path = SplashScreenViewModel.swift; sourceTree = "<group>"; };
		8F70E3832618A2A800958C77 /* HomePageScreenViewController.swift */ = {isa = PBXFileReference; lastKnownFileType = sourcecode.swift; path = HomePageScreenViewController.swift; sourceTree = "<group>"; };
		8F70E3842618A2A800958C77 /* HomePageScreenViewController.xib */ = {isa = PBXFileReference; lastKnownFileType = file.xib; path = HomePageScreenViewController.xib; sourceTree = "<group>"; };
		8F70E38D2618A5F800958C77 /* LoadingView.swift */ = {isa = PBXFileReference; lastKnownFileType = sourcecode.swift; path = LoadingView.swift; sourceTree = "<group>"; };
		A73AEAB9055253E8B5505A04 /* Pods-Loodos.release.xcconfig */ = {isa = PBXFileReference; includeInIndex = 1; lastKnownFileType = text.xcconfig; name = "Pods-Loodos.release.xcconfig"; path = "Target Support Files/Pods-Loodos/Pods-Loodos.release.xcconfig"; sourceTree = "<group>"; };
/* End PBXFileReference section */

/* Begin PBXFrameworksBuildPhase section */
		8F2116B02618891500442B25 /* Frameworks */ = {
			isa = PBXFrameworksBuildPhase;
			buildActionMask = 2147483647;
			files = (
				6726C7C4687FEAE3F122D9C0 /* Pods_Loodos.framework in Frameworks */,
			);
			runOnlyForDeploymentPostprocessing = 0;
		};
/* End PBXFrameworksBuildPhase section */

/* Begin PBXGroup section */
		8F2116AA2618891500442B25 = {
			isa = PBXGroup;
			children = (
				8F2116B52618891500442B25 /* Loodos */,
				8F2116B42618891500442B25 /* Products */,
				931E4E20BF736B4F5B9C8E35 /* Pods */,
				F716DD87C5227C8C609717DA /* Frameworks */,
			);
			sourceTree = "<group>";
		};
		8F2116B42618891500442B25 /* Products */ = {
			isa = PBXGroup;
			children = (
				8F2116B32618891500442B25 /* Loodos.app */,
			);
			name = Products;
			sourceTree = "<group>";
		};
		8F2116B52618891500442B25 /* Loodos */ = {
			isa = PBXGroup;
			children = (
				8F70E34626188BA600958C77 /* ObjectStore */,
				8F70E34726188BB900958C77 /* WebService */,
				8F70E34826188BC600958C77 /* Helpers */,
				8F70E34926188BCE00958C77 /* Application */,
				8F70E34A26188BE400958C77 /* Common */,
				8F70E34B26188BF600958C77 /* Presentation */,
				8F70E34C26188C0C00958C77 /* Resources */,
				8F70E34D26188C2400958C77 /* Screens */,
				8F2116BF2618891700442B25 /* Assets.xcassets */,
				8F2116C12618891700442B25 /* LaunchScreen.storyboard */,
				8F2116C42618891700442B25 /* Info.plist */,
				8F70E35F26188FFC00958C77 /* GoogleService-Info.plist */,
			);
			path = Loodos;
			sourceTree = "<group>";
		};
		8F70E34626188BA600958C77 /* ObjectStore */ = {
			isa = PBXGroup;
			children = (
			);
			path = ObjectStore;
			sourceTree = "<group>";
		};
		8F70E34726188BB900958C77 /* WebService */ = {
			isa = PBXGroup;
			children = (
			);
			path = WebService;
			sourceTree = "<group>";
		};
		8F70E34826188BC600958C77 /* Helpers */ = {
			isa = PBXGroup;
			children = (
				8F70E368261896C900958C77 /* Reachability.swift */,
				8F70E38D2618A5F800958C77 /* LoadingView.swift */,
			);
			path = Helpers;
			sourceTree = "<group>";
		};
		8F70E34926188BCE00958C77 /* Application */ = {
			isa = PBXGroup;
			children = (
				8F70E34E26188C9A00958C77 /* Delegate */,
			);
			path = Application;
			sourceTree = "<group>";
		};
		8F70E34A26188BE400958C77 /* Common */ = {
			isa = PBXGroup;
			children = (
				8F70E374261897D200958C77 /* Extensions */,
			);
			path = Common;
			sourceTree = "<group>";
		};
		8F70E34B26188BF600958C77 /* Presentation */ = {
			isa = PBXGroup;
			children = (
			);
			path = Presentation;
			sourceTree = "<group>";
		};
		8F70E34C26188C0C00958C77 /* Resources */ = {
			isa = PBXGroup;
			children = (
				8F70E36B2618977300958C77 /* Strings */,
			);
			path = Resources;
			sourceTree = "<group>";
		};
		8F70E34D26188C2400958C77 /* Screens */ = {
			isa = PBXGroup;
			children = (
				8F70E3812618A27A00958C77 /* HomePageScreen */,
				8F70E3622618943C00958C77 /* SplashScreen */,
			);
			path = Screens;
			sourceTree = "<group>";
		};
		8F70E34E26188C9A00958C77 /* Delegate */ = {
			isa = PBXGroup;
			children = (
				8F2116B62618891500442B25 /* AppDelegate.swift */,
				8F2116B82618891500442B25 /* SceneDelegate.swift */,
			);
			path = Delegate;
			sourceTree = "<group>";
		};
		8F70E3622618943C00958C77 /* SplashScreen */ = {
			isa = PBXGroup;
			children = (
				8F70E37926189BEE00958C77 /* Protocol */,
				8F70E37826189BE700958C77 /* ViewModel */,
				8F70E3632618956C00958C77 /* ViewController */,
				8F2116BC2618891500442B25 /* Main.storyboard */,
			);
			path = SplashScreen;
			sourceTree = "<group>";
		};
		8F70E3632618956C00958C77 /* ViewController */ = {
			isa = PBXGroup;
			children = (
				8F70E364261895AB00958C77 /* SplashScreenViewController.swift */,
			);
			path = ViewController;
			sourceTree = "<group>";
		};
		8F70E36B2618977300958C77 /* Strings */ = {
			isa = PBXGroup;
			children = (
				8F70E3722618979100958C77 /* Localizable.strings */,
			);
			path = Strings;
			sourceTree = "<group>";
		};
		8F70E374261897D200958C77 /* Extensions */ = {
			isa = PBXGroup;
			children = (
				8F70E375261897E000958C77 /* UIViewControllerExtensions.swift */,
			);
			path = Extensions;
			sourceTree = "<group>";
		};
		8F70E37826189BE700958C77 /* ViewModel */ = {
			isa = PBXGroup;
			children = (
				8F70E37E26189CF700958C77 /* SplashScreenViewModel.swift */,
			);
			path = ViewModel;
			sourceTree = "<group>";
		};
		8F70E37926189BEE00958C77 /* Protocol */ = {
			isa = PBXGroup;
			children = (
				8F70E37A26189CDB00958C77 /* SplashScreenViewModelDelegate.swift */,
			);
			path = Protocol;
			sourceTree = "<group>";
		};
		8F70E3812618A27A00958C77 /* HomePageScreen */ = {
			isa = PBXGroup;
			children = (
				8F70E3822618A28F00958C77 /* ViewController */,
				8F70E3842618A2A800958C77 /* HomePageScreenViewController.xib */,
			);
			path = HomePageScreen;
			sourceTree = "<group>";
		};
		8F70E3822618A28F00958C77 /* ViewController */ = {
			isa = PBXGroup;
			children = (
				8F70E3832618A2A800958C77 /* HomePageScreenViewController.swift */,
			);
			path = ViewController;
			sourceTree = "<group>";
		};
		931E4E20BF736B4F5B9C8E35 /* Pods */ = {
			isa = PBXGroup;
			children = (
				2131522869799338ECC7FB18 /* Pods-Loodos.debug.xcconfig */,
				A73AEAB9055253E8B5505A04 /* Pods-Loodos.release.xcconfig */,
			);
			path = Pods;
			sourceTree = "<group>";
		};
		F716DD87C5227C8C609717DA /* Frameworks */ = {
			isa = PBXGroup;
			children = (
				0B561CF6C93DBAB27B44DB7C /* Pods_Loodos.framework */,
			);
			name = Frameworks;
			sourceTree = "<group>";
		};
/* End PBXGroup section */

/* Begin PBXNativeTarget section */
		8F2116B22618891500442B25 /* Loodos */ = {
			isa = PBXNativeTarget;
			buildConfigurationList = 8F2116C72618891700442B25 /* Build configuration list for PBXNativeTarget "Loodos" */;
			buildPhases = (
				4EC2EA1153A9200C8C8F971D /* [CP] Check Pods Manifest.lock */,
				8F2116AF2618891500442B25 /* Sources */,
				8F2116B02618891500442B25 /* Frameworks */,
				8F2116B12618891500442B25 /* Resources */,
				F2F782955A972F5004EC9BDC /* [CP] Embed Pods Frameworks */,
			);
			buildRules = (
			);
			dependencies = (
			);
			name = Loodos;
			productName = Loodos;
			productReference = 8F2116B32618891500442B25 /* Loodos.app */;
			productType = "com.apple.product-type.application";
		};
/* End PBXNativeTarget section */

/* Begin PBXProject section */
		8F2116AB2618891500442B25 /* Project object */ = {
			isa = PBXProject;
			attributes = {
				LastSwiftUpdateCheck = 1240;
				LastUpgradeCheck = 1240;
				TargetAttributes = {
					8F2116B22618891500442B25 = {
						CreatedOnToolsVersion = 12.4;
					};
				};
			};
			buildConfigurationList = 8F2116AE2618891500442B25 /* Build configuration list for PBXProject "Loodos" */;
			compatibilityVersion = "Xcode 9.3";
			developmentRegion = en;
			hasScannedForEncodings = 0;
			knownRegions = (
				en,
				Base,
			);
			mainGroup = 8F2116AA2618891500442B25;
			productRefGroup = 8F2116B42618891500442B25 /* Products */;
			projectDirPath = "";
			projectRoot = "";
			targets = (
				8F2116B22618891500442B25 /* Loodos */,
			);
		};
/* End PBXProject section */

/* Begin PBXResourcesBuildPhase section */
		8F2116B12618891500442B25 /* Resources */ = {
			isa = PBXResourcesBuildPhase;
			buildActionMask = 2147483647;
			files = (
				8F70E3862618A2A800958C77 /* HomePageScreenViewController.xib in Resources */,
				8F70E3702618979100958C77 /* Localizable.strings in Resources */,
				8F2116C32618891700442B25 /* LaunchScreen.storyboard in Resources */,
				8F70E36026188FFC00958C77 /* GoogleService-Info.plist in Resources */,
				8F2116C02618891700442B25 /* Assets.xcassets in Resources */,
				8F2116BE2618891500442B25 /* Main.storyboard in Resources */,
			);
			runOnlyForDeploymentPostprocessing = 0;
		};
/* End PBXResourcesBuildPhase section */

/* Begin PBXShellScriptBuildPhase section */
		4EC2EA1153A9200C8C8F971D /* [CP] Check Pods Manifest.lock */ = {
			isa = PBXShellScriptBuildPhase;
			buildActionMask = 2147483647;
			files = (
			);
			inputFileListPaths = (
			);
			inputPaths = (
				"${PODS_PODFILE_DIR_PATH}/Podfile.lock",
				"${PODS_ROOT}/Manifest.lock",
			);
			name = "[CP] Check Pods Manifest.lock";
			outputFileListPaths = (
			);
			outputPaths = (
				"$(DERIVED_FILE_DIR)/Pods-Loodos-checkManifestLockResult.txt",
			);
			runOnlyForDeploymentPostprocessing = 0;
			shellPath = /bin/sh;
			shellScript = "diff \"${PODS_PODFILE_DIR_PATH}/Podfile.lock\" \"${PODS_ROOT}/Manifest.lock\" > /dev/null\nif [ $? != 0 ] ; then\n    # print error to STDERR\n    echo \"error: The sandbox is not in sync with the Podfile.lock. Run 'pod install' or update your CocoaPods installation.\" >&2\n    exit 1\nfi\n# This output is used by Xcode 'outputs' to avoid re-running this script phase.\necho \"SUCCESS\" > \"${SCRIPT_OUTPUT_FILE_0}\"\n";
			showEnvVarsInLog = 0;
		};
		F2F782955A972F5004EC9BDC /* [CP] Embed Pods Frameworks */ = {
			isa = PBXShellScriptBuildPhase;
			buildActionMask = 2147483647;
			files = (
			);
			inputFileListPaths = (
				"${PODS_ROOT}/Target Support Files/Pods-Loodos/Pods-Loodos-frameworks-${CONFIGURATION}-input-files.xcfilelist",
			);
			name = "[CP] Embed Pods Frameworks";
			outputFileListPaths = (
				"${PODS_ROOT}/Target Support Files/Pods-Loodos/Pods-Loodos-frameworks-${CONFIGURATION}-output-files.xcfilelist",
			);
			runOnlyForDeploymentPostprocessing = 0;
			shellPath = /bin/sh;
			shellScript = "\"${PODS_ROOT}/Target Support Files/Pods-Loodos/Pods-Loodos-frameworks.sh\"\n";
			showEnvVarsInLog = 0;
		};
/* End PBXShellScriptBuildPhase section */

/* Begin PBXSourcesBuildPhase section */
		8F2116AF2618891500442B25 /* Sources */ = {
			isa = PBXSourcesBuildPhase;
			buildActionMask = 2147483647;
			files = (
				8F2116B72618891500442B25 /* AppDelegate.swift in Sources */,
				8F70E365261895AB00958C77 /* SplashScreenViewController.swift in Sources */,
				8F70E3852618A2A800958C77 /* HomePageScreenViewController.swift in Sources */,
				8F70E37B26189CDB00958C77 /* SplashScreenViewModelDelegate.swift in Sources */,
				8F70E376261897E000958C77 /* UIViewControllerExtensions.swift in Sources */,
				8F70E37F26189CF700958C77 /* SplashScreenViewModel.swift in Sources */,
				8F70E369261896C900958C77 /* Reachability.swift in Sources */,
				8F2116B92618891500442B25 /* SceneDelegate.swift in Sources */,
				8F70E38E2618A5F800958C77 /* LoadingView.swift in Sources */,
			);
			runOnlyForDeploymentPostprocessing = 0;
		};
/* End PBXSourcesBuildPhase section */

/* Begin PBXVariantGroup section */
		8F2116BC2618891500442B25 /* Main.storyboard */ = {
			isa = PBXVariantGroup;
			children = (
				8F2116BD2618891500442B25 /* Base */,
			);
			name = Main.storyboard;
			sourceTree = "<group>";
		};
		8F2116C12618891700442B25 /* LaunchScreen.storyboard */ = {
			isa = PBXVariantGroup;
			children = (
				8F2116C22618891700442B25 /* Base */,
			);
			name = LaunchScreen.storyboard;
			sourceTree = "<group>";
		};
		8F70E3722618979100958C77 /* Localizable.strings */ = {
			isa = PBXVariantGroup;
			children = (
				8F70E3712618979100958C77 /* en */,
			);
			name = Localizable.strings;
			sourceTree = "<group>";
		};
/* End PBXVariantGroup section */

/* Begin XCBuildConfiguration section */
		8F2116C52618891700442B25 /* Debug */ = {
			isa = XCBuildConfiguration;
			buildSettings = {
				ALWAYS_SEARCH_USER_PATHS = NO;
				CLANG_ANALYZER_NONNULL = YES;
				CLANG_ANALYZER_NUMBER_OBJECT_CONVERSION = YES_AGGRESSIVE;
				CLANG_CXX_LANGUAGE_STANDARD = "gnu++14";
				CLANG_CXX_LIBRARY = "libc++";
				CLANG_ENABLE_MODULES = YES;
				CLANG_ENABLE_OBJC_ARC = YES;
				CLANG_ENABLE_OBJC_WEAK = YES;
				CLANG_WARN_BLOCK_CAPTURE_AUTORELEASING = YES;
				CLANG_WARN_BOOL_CONVERSION = YES;
				CLANG_WARN_COMMA = YES;
				CLANG_WARN_CONSTANT_CONVERSION = YES;
				CLANG_WARN_DEPRECATED_OBJC_IMPLEMENTATIONS = YES;
				CLANG_WARN_DIRECT_OBJC_ISA_USAGE = YES_ERROR;
				CLANG_WARN_DOCUMENTATION_COMMENTS = YES;
				CLANG_WARN_EMPTY_BODY = YES;
				CLANG_WARN_ENUM_CONVERSION = YES;
				CLANG_WARN_INFINITE_RECURSION = YES;
				CLANG_WARN_INT_CONVERSION = YES;
				CLANG_WARN_NON_LITERAL_NULL_CONVERSION = YES;
				CLANG_WARN_OBJC_IMPLICIT_RETAIN_SELF = YES;
				CLANG_WARN_OBJC_LITERAL_CONVERSION = YES;
				CLANG_WARN_OBJC_ROOT_CLASS = YES_ERROR;
				CLANG_WARN_QUOTED_INCLUDE_IN_FRAMEWORK_HEADER = YES;
				CLANG_WARN_RANGE_LOOP_ANALYSIS = YES;
				CLANG_WARN_STRICT_PROTOTYPES = YES;
				CLANG_WARN_SUSPICIOUS_MOVE = YES;
				CLANG_WARN_UNGUARDED_AVAILABILITY = YES_AGGRESSIVE;
				CLANG_WARN_UNREACHABLE_CODE = YES;
				CLANG_WARN__DUPLICATE_METHOD_MATCH = YES;
				COPY_PHASE_STRIP = NO;
				DEBUG_INFORMATION_FORMAT = dwarf;
				ENABLE_STRICT_OBJC_MSGSEND = YES;
				ENABLE_TESTABILITY = YES;
				GCC_C_LANGUAGE_STANDARD = gnu11;
				GCC_DYNAMIC_NO_PIC = NO;
				GCC_NO_COMMON_BLOCKS = YES;
				GCC_OPTIMIZATION_LEVEL = 0;
				GCC_PREPROCESSOR_DEFINITIONS = (
					"DEBUG=1",
					"$(inherited)",
				);
				GCC_WARN_64_TO_32_BIT_CONVERSION = YES;
				GCC_WARN_ABOUT_RETURN_TYPE = YES_ERROR;
				GCC_WARN_UNDECLARED_SELECTOR = YES;
				GCC_WARN_UNINITIALIZED_AUTOS = YES_AGGRESSIVE;
				GCC_WARN_UNUSED_FUNCTION = YES;
				GCC_WARN_UNUSED_VARIABLE = YES;
				IPHONEOS_DEPLOYMENT_TARGET = 14.4;
				MTL_ENABLE_DEBUG_INFO = INCLUDE_SOURCE;
				MTL_FAST_MATH = YES;
				ONLY_ACTIVE_ARCH = YES;
				SDKROOT = iphoneos;
				SWIFT_ACTIVE_COMPILATION_CONDITIONS = DEBUG;
				SWIFT_OPTIMIZATION_LEVEL = "-Onone";
			};
			name = Debug;
		};
		8F2116C62618891700442B25 /* Release */ = {
			isa = XCBuildConfiguration;
			buildSettings = {
				ALWAYS_SEARCH_USER_PATHS = NO;
				CLANG_ANALYZER_NONNULL = YES;
				CLANG_ANALYZER_NUMBER_OBJECT_CONVERSION = YES_AGGRESSIVE;
				CLANG_CXX_LANGUAGE_STANDARD = "gnu++14";
				CLANG_CXX_LIBRARY = "libc++";
				CLANG_ENABLE_MODULES = YES;
				CLANG_ENABLE_OBJC_ARC = YES;
				CLANG_ENABLE_OBJC_WEAK = YES;
				CLANG_WARN_BLOCK_CAPTURE_AUTORELEASING = YES;
				CLANG_WARN_BOOL_CONVERSION = YES;
				CLANG_WARN_COMMA = YES;
				CLANG_WARN_CONSTANT_CONVERSION = YES;
				CLANG_WARN_DEPRECATED_OBJC_IMPLEMENTATIONS = YES;
				CLANG_WARN_DIRECT_OBJC_ISA_USAGE = YES_ERROR;
				CLANG_WARN_DOCUMENTATION_COMMENTS = YES;
				CLANG_WARN_EMPTY_BODY = YES;
				CLANG_WARN_ENUM_CONVERSION = YES;
				CLANG_WARN_INFINITE_RECURSION = YES;
				CLANG_WARN_INT_CONVERSION = YES;
				CLANG_WARN_NON_LITERAL_NULL_CONVERSION = YES;
				CLANG_WARN_OBJC_IMPLICIT_RETAIN_SELF = YES;
				CLANG_WARN_OBJC_LITERAL_CONVERSION = YES;
				CLANG_WARN_OBJC_ROOT_CLASS = YES_ERROR;
				CLANG_WARN_QUOTED_INCLUDE_IN_FRAMEWORK_HEADER = YES;
				CLANG_WARN_RANGE_LOOP_ANALYSIS = YES;
				CLANG_WARN_STRICT_PROTOTYPES = YES;
				CLANG_WARN_SUSPICIOUS_MOVE = YES;
				CLANG_WARN_UNGUARDED_AVAILABILITY = YES_AGGRESSIVE;
				CLANG_WARN_UNREACHABLE_CODE = YES;
				CLANG_WARN__DUPLICATE_METHOD_MATCH = YES;
				COPY_PHASE_STRIP = NO;
				DEBUG_INFORMATION_FORMAT = "dwarf-with-dsym";
				ENABLE_NS_ASSERTIONS = NO;
				ENABLE_STRICT_OBJC_MSGSEND = YES;
				GCC_C_LANGUAGE_STANDARD = gnu11;
				GCC_NO_COMMON_BLOCKS = YES;
				GCC_WARN_64_TO_32_BIT_CONVERSION = YES;
				GCC_WARN_ABOUT_RETURN_TYPE = YES_ERROR;
				GCC_WARN_UNDECLARED_SELECTOR = YES;
				GCC_WARN_UNINITIALIZED_AUTOS = YES_AGGRESSIVE;
				GCC_WARN_UNUSED_FUNCTION = YES;
				GCC_WARN_UNUSED_VARIABLE = YES;
				IPHONEOS_DEPLOYMENT_TARGET = 14.4;
				MTL_ENABLE_DEBUG_INFO = NO;
				MTL_FAST_MATH = YES;
				SDKROOT = iphoneos;
				SWIFT_COMPILATION_MODE = wholemodule;
				SWIFT_OPTIMIZATION_LEVEL = "-O";
				VALIDATE_PRODUCT = YES;
			};
			name = Release;
		};
		8F2116C82618891700442B25 /* Debug */ = {
			isa = XCBuildConfiguration;
			baseConfigurationReference = 2131522869799338ECC7FB18 /* Pods-Loodos.debug.xcconfig */;
			buildSettings = {
				ASSETCATALOG_COMPILER_APPICON_NAME = AppIcon;
				ASSETCATALOG_COMPILER_GLOBAL_ACCENT_COLOR_NAME = AccentColor;
				CODE_SIGN_STYLE = Automatic;
				DEVELOPMENT_TEAM = 72GA34S55G;
				INFOPLIST_FILE = Loodos/Info.plist;
				LD_RUNPATH_SEARCH_PATHS = (
					"$(inherited)",
					"@executable_path/Frameworks",
				);
				PRODUCT_BUNDLE_IDENTIFIER = "com.Enes-Aksoy.Loodos";
				PRODUCT_NAME = "$(TARGET_NAME)";
				SWIFT_VERSION = 5.0;
				TARGETED_DEVICE_FAMILY = "1,2";
			};
			name = Debug;
		};
		8F2116C92618891700442B25 /* Release */ = {
			isa = XCBuildConfiguration;
			baseConfigurationReference = A73AEAB9055253E8B5505A04 /* Pods-Loodos.release.xcconfig */;
			buildSettings = {
				ASSETCATALOG_COMPILER_APPICON_NAME = AppIcon;
				ASSETCATALOG_COMPILER_GLOBAL_ACCENT_COLOR_NAME = AccentColor;
				CODE_SIGN_STYLE = Automatic;
				DEVELOPMENT_TEAM = 72GA34S55G;
				INFOPLIST_FILE = Loodos/Info.plist;
				LD_RUNPATH_SEARCH_PATHS = (
					"$(inherited)",
					"@executable_path/Frameworks",
				);
				PRODUCT_BUNDLE_IDENTIFIER = "com.Enes-Aksoy.Loodos";
				PRODUCT_NAME = "$(TARGET_NAME)";
				SWIFT_VERSION = 5.0;
				TARGETED_DEVICE_FAMILY = "1,2";
			};
			name = Release;
		};
/* End XCBuildConfiguration section */

/* Begin XCConfigurationList section */
		8F2116AE2618891500442B25 /* Build configuration list for PBXProject "Loodos" */ = {
			isa = XCConfigurationList;
			buildConfigurations = (
				8F2116C52618891700442B25 /* Debug */,
				8F2116C62618891700442B25 /* Release */,
			);
			defaultConfigurationIsVisible = 0;
			defaultConfigurationName = Release;
		};
		8F2116C72618891700442B25 /* Build configuration list for PBXNativeTarget "Loodos" */ = {
			isa = XCConfigurationList;
			buildConfigurations = (
				8F2116C82618891700442B25 /* Debug */,
				8F2116C92618891700442B25 /* Release */,
			);
			defaultConfigurationIsVisible = 0;
			defaultConfigurationName = Release;
		};
/* End XCConfigurationList section */
	};
	rootObject = 8F2116AB2618891500442B25 /* Project object */;
}
